# This file was autogenerated by Stack.
# You should not edit this file by hand.
# For more information, please see the documentation at:
#   https://docs.haskellstack.org/en/stable/lock_files

packages:
- completed:
    hackage: membership-0@sha256:3a11d8fd53cb1a76bb9273e6c929bbf9d649f109714bf487abb3143be04ddc81,995
    pantry-tree:
      size: 408
      sha256: 3b593e0d14e848e318e745555776ebb25210e5e3dec4fde5d3c08ab51ceddc62
  original:
    hackage: membership-0
- completed:
    hackage: req-3.0.0@sha256:90dda034a27bcf81e3b08b29909d725b2c9a81830c6d18f7b26ca76ab79bd13a,4800
    pantry-tree:
      size: 712
      sha256: b91b53a8fc4e9dad39d376201bcaa1f310c6c7b60e322d66abd051e5dba8db91
  original:
    hackage: req-3.0.0
- completed:
    size: 374803
    url: https://github.com/fumieval/extensible/archive/d197daaef0ae18b9734384b8f0efa5783bc629e9.tar.gz
    cabal-file:
      size: 2859
      sha256: 12dfa21548aba9f3b02a2f708a935240bae43383945f41e4e9054f37e421035b
    name: extensible
    version: '0.7'
    sha256: b4536cc73ababc3f3f1dbd0876f54c605919c8ebe8966c2f13bb1b4bd0aede7f
    pantry-tree:
      size: 2893
      sha256: 804be17ffd998a42234b605565831f4d569adfce755b6b9afcaf88ede5f8f079
  original:
    url: https://github.com/fumieval/extensible/archive/d197daaef0ae18b9734384b8f0efa5783bc629e9.tar.gz
- completed:
    hackage: servant-server-0.17@sha256:1a5adf564f0b703535eb733f249b282ef2ca7b587a303c357b549fb88e7a6dcd,5388
    pantry-tree:
      size: 2460
      sha256: ea65ba54acb4362efedbfa7db616a51023579a6c83f18ab6d2ea6a84dea56021
  original:
    hackage: servant-server-0.17
- completed:
    hackage: servant-0.17@sha256:e78734cb6b75c5d1e52e8f5e16bc3f557154a580bbde4932a7e1a6a90da7eb04,5029
    pantry-tree:
      size: 2392
      sha256: 36561a606c35393386aa48b7cc2407fa4013aba62a19d69f004ec9c2010209aa
  original:
    hackage: servant-0.17
snapshots:
- completed:
    size: 524154
    url: https://raw.githubusercontent.com/commercialhaskell/stackage-snapshots/master/lts/14/20.yaml
    sha256: 2f5099f69ddb6abfe64400fe1e6a604e8e628f55e6837211cd70a81eb0a8fa4d
  original: lts-14.20
